
Microsoft Visual Studio Solution File, Format Version 12.00
# Visual Studio Version 17
VisualStudioVersion = 17.7.34031.279
MinimumVisualStudioVersion = 10.0.40219.1
Project("{9A19103F-16F7-4668-BE54-9A1E7A4F7556}") = "MagicVilla_Api", "MagicVilla_Api\MagicVilla_Api.csproj", "{36D9E9C4-F0A9-4690-899E-B772251FB57B}"
EndProject
Project("{FAE04EC0-301F-11D3-BF4B-00C04F79EFBC}") = "Magic_Villa_Core", "Magic_Villa_Core\Magic_Villa_Core.csproj", "{2817067D-1990-4C66-89C6-AEEC854045E1}"
EndProject
Global
	GlobalSection(SolutionConfigurationPlatforms) = preSolution
		Debug|Any CPU = Debug|Any CPU
		Release|Any CPU = Release|Any CPU
	EndGlobalSection
	GlobalSection(ProjectConfigurationPlatforms) = postSolution
		{36D9E9C4-F0A9-4690-899E-B772251FB57B}.Debug|Any CPU.ActiveCfg = Debug|Any CPU
		{36D9E9C4-F0A9-4690-899E-B772251FB57B}.Debug|Any CPU.Build.0 = Debug|Any CPU
		{36D9E9C4-F0A9-4690-899E-B772251FB57B}.Release|Any CPU.ActiveCfg = Release|Any CPU
		{36D9E9C4-F0A9-4690-899E-B772251FB57B}.Release|Any CPU.Build.0 = Release|Any CPU
		{2817067D-1990-4C66-89C6-AEEC854045E1}.Debug|Any CPU.ActiveCfg = Debug|Any CPU
		{2817067D-1990-4C66-89C6-AEEC854045E1}.Debug|Any CPU.Build.0 = Debug|Any CPU
		{2817067D-1990-4C66-89C6-AEEC854045E1}.Release|Any CPU.ActiveCfg = Release|Any CPU
		{2817067D-1990-4C66-89C6-AEEC854045E1}.Release|Any CPU.Build.0 = Release|Any CPU
	EndGlobalSection
	GlobalSection(SolutionProperties) = preSolution
		HideSolutionNode = FALSE
	EndGlobalSection
	GlobalSection(ExtensibilityGlobals) = postSolution
		SolutionGuid = {12A90725-BA57-4F76-9FD0-BFAE7B3A233E}
	EndGlobalSection
EndGlobal
